// !$*UTF8*$!
{
	archiveVersion = 1;
	classes = {
	};
	objectVersion = 55;
	objects = {

/* Begin PBXBuildFile section */
		DF6FDC6F27AAC0F9002451D5 /* Moonshot_8App.swift in Sources */ = {isa = PBXBuildFile; fileRef = DF6FDC6E27AAC0F9002451D5 /* Moonshot_8App.swift */; };
		DF6FDC7127AAC0F9002451D5 /* ContentView.swift in Sources */ = {isa = PBXBuildFile; fileRef = DF6FDC7027AAC0F9002451D5 /* ContentView.swift */; };
		DF6FDC7327AAC0FB002451D5 /* Assets.xcassets in Resources */ = {isa = PBXBuildFile; fileRef = DF6FDC7227AAC0FB002451D5 /* Assets.xcassets */; };
		DF6FDC7627AAC0FB002451D5 /* Preview Assets.xcassets in Resources */ = {isa = PBXBuildFile; fileRef = DF6FDC7527AAC0FB002451D5 /* Preview Assets.xcassets */; };
		DF6FDC7D27AAC42B002451D5 /* Astronaut.swift in Sources */ = {isa = PBXBuildFile; fileRef = DF6FDC7C27AAC42B002451D5 /* Astronaut.swift */; };
		DF6FDC7F27AADFE7002451D5 /* astronauts.json in Resources */ = {isa = PBXBuildFile; fileRef = DF6FDC7E27AADFE7002451D5 /* astronauts.json */; };
		DF6FDC8127AADFED002451D5 /* missions.json in Resources */ = {isa = PBXBuildFile; fileRef = DF6FDC8027AADFED002451D5 /* missions.json */; };
		DF6FDC8327AADFF9002451D5 /* Images in Resources */ = {isa = PBXBuildFile; fileRef = DF6FDC8227AADFF8002451D5 /* Images */; };
		DF6FDC8527AAE088002451D5 /* Bundle-Decodable.swift in Sources */ = {isa = PBXBuildFile; fileRef = DF6FDC8427AAE088002451D5 /* Bundle-Decodable.swift */; };
		DF6FDC8727AAE3B7002451D5 /* Mission.swift in Sources */ = {isa = PBXBuildFile; fileRef = DF6FDC8627AAE3B7002451D5 /* Mission.swift */; };
		DF6FDC8927AAEB53002451D5 /* Color-Theme.swift in Sources */ = {isa = PBXBuildFile; fileRef = DF6FDC8827AAEB53002451D5 /* Color-Theme.swift */; };
		DF6FDC8B27AAEB67002451D5 /* AstronautView.swift in Sources */ = {isa = PBXBuildFile; fileRef = DF6FDC8A27AAEB67002451D5 /* AstronautView.swift */; };
		DF6FDC8D27AAEB83002451D5 /* MissionView.swift in Sources */ = {isa = PBXBuildFile; fileRef = DF6FDC8C27AAEB83002451D5 /* MissionView.swift */; };
/* End PBXBuildFile section */

/* Begin PBXFileReference section */
		DF6FDC6B27AAC0F9002451D5 /* Moonshot-8.app */ = {isa = PBXFileReference; explicitFileType = wrapper.application; includeInIndex = 0; path = "Moonshot-8.app"; sourceTree = BUILT_PRODUCTS_DIR; };
		DF6FDC6E27AAC0F9002451D5 /* Moonshot_8App.swift */ = {isa = PBXFileReference; lastKnownFileType = sourcecode.swift; path = Moonshot_8App.swift; sourceTree = "<group>"; };
		DF6FDC7027AAC0F9002451D5 /* ContentView.swift */ = {isa = PBXFileReference; lastKnownFileType = sourcecode.swift; path = ContentView.swift; sourceTree = "<group>"; };
		DF6FDC7227AAC0FB002451D5 /* Assets.xcassets */ = {isa = PBXFileReference; lastKnownFileType = folder.assetcatalog; path = Assets.xcassets; sourceTree = "<group>"; };
		DF6FDC7527AAC0FB002451D5 /* Preview Assets.xcassets */ = {isa = PBXFileReference; lastKnownFileType = folder.assetcatalog; path = "Preview Assets.xcassets"; sourceTree = "<group>"; };
		DF6FDC7C27AAC42B002451D5 /* Astronaut.swift */ = {isa = PBXFileReference; lastKnownFileType = sourcecode.swift; path = Astronaut.swift; sourceTree = "<group>"; };
		DF6FDC7E27AADFE7002451D5 /* astronauts.json */ = {isa = PBXFileReference; fileEncoding = 4; lastKnownFileType = text.json; path = astronauts.json; sourceTree = "<group>"; };
		DF6FDC8027AADFED002451D5 /* missions.json */ = {isa = PBXFileReference; fileEncoding = 4; lastKnownFileType = text.json; path = missions.json; sourceTree = "<group>"; };
		DF6FDC8227AADFF8002451D5 /* Images */ = {isa = PBXFileReference; lastKnownFileType = folder; path = Images; sourceTree = "<group>"; };
		DF6FDC8427AAE088002451D5 /* Bundle-Decodable.swift */ = {isa = PBXFileReference; lastKnownFileType = sourcecode.swift; path = "Bundle-Decodable.swift"; sourceTree = "<group>"; };
		DF6FDC8627AAE3B7002451D5 /* Mission.swift */ = {isa = PBXFileReference; lastKnownFileType = sourcecode.swift; path = Mission.swift; sourceTree = "<group>"; };
		DF6FDC8827AAEB53002451D5 /* Color-Theme.swift */ = {isa = PBXFileReference; lastKnownFileType = sourcecode.swift; path = "Color-Theme.swift"; sourceTree = "<group>"; };
		DF6FDC8A27AAEB67002451D5 /* AstronautView.swift */ = {isa = PBXFileReference; lastKnownFileType = sourcecode.swift; path = AstronautView.swift; sourceTree = "<group>"; };
		DF6FDC8C27AAEB83002451D5 /* MissionView.swift */ = {isa = PBXFileReference; lastKnownFileType = sourcecode.swift; path = MissionView.swift; sourceTree = "<group>"; };
/* End PBXFileReference section */

/* Begin PBXFrameworksBuildPhase section */
		DF6FDC6827AAC0F9002451D5 /* Frameworks */ = {
			isa = PBXFrameworksBuildPhase;
			buildActionMask = 2147483647;
			files = (
			);
			runOnlyForDeploymentPostprocessing = 0;
		};
/* End PBXFrameworksBuildPhase section */

/* Begin PBXGroup section */
		DF6FDC6227AAC0F9002451D5 = {
			isa = PBXGroup;
			children = (
				DF6FDC6D27AAC0F9002451D5 /* Moonshot-8 */,
				DF6FDC6C27AAC0F9002451D5 /* Products */,
			);
			sourceTree = "<group>";
		};
		DF6FDC6C27AAC0F9002451D5 /* Products */ = {
			isa = PBXGroup;
			children = (
				DF6FDC6B27AAC0F9002451D5 /* Moonshot-8.app */,
			);
			name = Products;
			sourceTree = "<group>";
		};
		DF6FDC6D27AAC0F9002451D5 /* Moonshot-8 */ = {
			isa = PBXGroup;
			children = (
				DF6FDC6E27AAC0F9002451D5 /* Moonshot_8App.swift */,
				DF6FDC8827AAEB53002451D5 /* Color-Theme.swift */,
				DF6FDC8A27AAEB67002451D5 /* AstronautView.swift */,
				DF6FDC8C27AAEB83002451D5 /* MissionView.swift */,
				DF6FDC7027AAC0F9002451D5 /* ContentView.swift */,
				DF6FDC8627AAE3B7002451D5 /* Mission.swift */,
				DF6FDC8427AAE088002451D5 /* Bundle-Decodable.swift */,
				DF6FDC7C27AAC42B002451D5 /* Astronaut.swift */,
				DF6FDC7227AAC0FB002451D5 /* Assets.xcassets */,
				DF6FDC7E27AADFE7002451D5 /* astronauts.json */,
				DF6FDC8027AADFED002451D5 /* missions.json */,
				DF6FDC8227AADFF8002451D5 /* Images */,
				DF6FDC7427AAC0FB002451D5 /* Preview Content */,
			);
			path = "Moonshot-8";
			sourceTree = "<group>";
		};
		DF6FDC7427AAC0FB002451D5 /* Preview Content */ = {
			isa = PBXGroup;
			children = (
				DF6FDC7527AAC0FB002451D5 /* Preview Assets.xcassets */,
			);
			path = "Preview Content";
			sourceTree = "<group>";
		};
/* End PBXGroup section */

/* Begin PBXNativeTarget section */
		DF6FDC6A27AAC0F9002451D5 /* Moonshot-8 */ = {
			isa = PBXNativeTarget;
			buildConfigurationList = DF6FDC7927AAC0FB002451D5 /* Build configuration list for PBXNativeTarget "Moonshot-8" */;
			buildPhases = (
				DF6FDC6727AAC0F9002451D5 /* Sources */,
				DF6FDC6827AAC0F9002451D5 /* Frameworks */,
				DF6FDC6927AAC0F9002451D5 /* Resources */,
			);
			buildRules = (
			);
			dependencies = (
			);
			name = "Moonshot-8";
			productName = "Moonshot-8";
			productReference = DF6FDC6B27AAC0F9002451D5 /* Moonshot-8.app */;
			productType = "com.apple.product-type.application";
		};
/* End PBXNativeTarget section */

/* Begin PBXProject section */
		DF6FDC6327AAC0F9002451D5 /* Project object */ = {
			isa = PBXProject;
			attributes = {
				BuildIndependentTargetsInParallel = 1;
				LastSwiftUpdateCheck = 1300;
				LastUpgradeCheck = 1300;
				TargetAttributes = {
					DF6FDC6A27AAC0F9002451D5 = {
						CreatedOnToolsVersion = 13.0;
					};
				};
			};
			buildConfigurationList = DF6FDC6627AAC0F9002451D5 /* Build configuration list for PBXProject "Moonshot-8" */;
			compatibilityVersion = "Xcode 13.0";
			developmentRegion = en;
			hasScannedForEncodings = 0;
			knownRegions = (
				en,
				Base,
			);
			mainGroup = DF6FDC6227AAC0F9002451D5;
			productRefGroup = DF6FDC6C27AAC0F9002451D5 /* Products */;
			projectDirPath = "";
			projectRoot = "";
			targets = (
				DF6FDC6A27AAC0F9002451D5 /* Moonshot-8 */,
			);
		};
/* End PBXProject section */

/* Begin PBXResourcesBuildPhase section */
		DF6FDC6927AAC0F9002451D5 /* Resources */ = {
			isa = PBXResourcesBuildPhase;
			buildActionMask = 2147483647;
			files = (
				DF6FDC8327AADFF9002451D5 /* Images in Resources */,
				DF6FDC7F27AADFE7002451D5 /* astronauts.json in Resources */,
				DF6FDC7627AAC0FB002451D5 /* Preview Assets.xcassets in Resources */,
				DF6FDC8127AADFED002451D5 /* missions.json in Resources */,
				DF6FDC7327AAC0FB002451D5 /* Assets.xcassets in Resources */,
			);
			runOnlyForDeploymentPostprocessing = 0;
		};
/* End PBXResourcesBuildPhase section */

/* Begin PBXSourcesBuildPhase section */
		DF6FDC6727AAC0F9002451D5 /* Sources */ = {
			isa = PBXSourcesBuildPhase;
			buildActionMask = 2147483647;
			files = (
				DF6FDC8B27AAEB67002451D5 /* AstronautView.swift in Sources */,
				DF6FDC8D27AAEB83002451D5 /* MissionView.swift in Sources */,
				DF6FDC7D27AAC42B002451D5 /* Astronaut.swift in Sources */,
				DF6FDC8927AAEB53002451D5 /* Color-Theme.swift in Sources */,
				DF6FDC7127AAC0F9002451D5 /* ContentView.swift in Sources */,
				DF6FDC6F27AAC0F9002451D5 /* Moonshot_8App.swift in Sources */,
				DF6FDC8727AAE3B7002451D5 /* Mission.swift in Sources */,
				DF6FDC8527AAE088002451D5 /* Bundle-Decodable.swift in Sources */,
			);
			runOnlyForDeploymentPostprocessing = 0;
		};
/* End PBXSourcesBuildPhase section */

/* Begin XCBuildConfiguration section */
		DF6FDC7727AAC0FB002451D5 /* Debug */ = {
			isa = XCBuildConfiguration;
			buildSettings = {
				ALWAYS_SEARCH_USER_PATHS = NO;
				CLANG_ANALYZER_NONNULL = YES;
				CLANG_ANALYZER_NUMBER_OBJECT_CONVERSION = YES_AGGRESSIVE;
				CLANG_CXX_LANGUAGE_STANDARD = "gnu++17";
				CLANG_CXX_LIBRARY = "libc++";
				CLANG_ENABLE_MODULES = YES;
				CLANG_ENABLE_OBJC_ARC = YES;
				CLANG_ENABLE_OBJC_WEAK = YES;
				CLANG_WARN_BLOCK_CAPTURE_AUTORELEASING = YES;
				CLANG_WARN_BOOL_CONVERSION = YES;
				CLANG_WARN_COMMA = YES;
				CLANG_WARN_CONSTANT_CONVERSION = YES;
				CLANG_WARN_DEPRECATED_OBJC_IMPLEMENTATIONS = YES;
				CLANG_WARN_DIRECT_OBJC_ISA_USAGE = YES_ERROR;
				CLANG_WARN_DOCUMENTATION_COMMENTS = YES;
				CLANG_WARN_EMPTY_BODY = YES;
				CLANG_WARN_ENUM_CONVERSION = YES;
				CLANG_WARN_INFINITE_RECURSION = YES;
				CLANG_WARN_INT_CONVERSION = YES;
				CLANG_WARN_NON_LITERAL_NULL_CONVERSION = YES;
				CLANG_WARN_OBJC_IMPLICIT_RETAIN_SELF = YES;
				CLANG_WARN_OBJC_LITERAL_CONVERSION = YES;
				CLANG_WARN_OBJC_ROOT_CLASS = YES_ERROR;
				CLANG_WARN_QUOTED_INCLUDE_IN_FRAMEWORK_HEADER = YES;
				CLANG_WARN_RANGE_LOOP_ANALYSIS = YES;
				CLANG_WARN_STRICT_PROTOTYPES = YES;
				CLANG_WARN_SUSPICIOUS_MOVE = YES;
				CLANG_WARN_UNGUARDED_AVAILABILITY = YES_AGGRESSIVE;
				CLANG_WARN_UNREACHABLE_CODE = YES;
				CLANG_WARN__DUPLICATE_METHOD_MATCH = YES;
				COPY_PHASE_STRIP = NO;
				DEBUG_INFORMATION_FORMAT = dwarf;
				ENABLE_STRICT_OBJC_MSGSEND = YES;
				ENABLE_TESTABILITY = YES;
				GCC_C_LANGUAGE_STANDARD = gnu11;
				GCC_DYNAMIC_NO_PIC = NO;
				GCC_NO_COMMON_BLOCKS = YES;
				GCC_OPTIMIZATION_LEVEL = 0;
				GCC_PREPROCESSOR_DEFINITIONS = (
					"DEBUG=1",
					"$(inherited)",
				);
				GCC_WARN_64_TO_32_BIT_CONVERSION = YES;
				GCC_WARN_ABOUT_RETURN_TYPE = YES_ERROR;
				GCC_WARN_UNDECLARED_SELECTOR = YES;
				GCC_WARN_UNINITIALIZED_AUTOS = YES_AGGRESSIVE;
				GCC_WARN_UNUSED_FUNCTION = YES;
				GCC_WARN_UNUSED_VARIABLE = YES;
				IPHONEOS_DEPLOYMENT_TARGET = 15.0;
				MTL_ENABLE_DEBUG_INFO = INCLUDE_SOURCE;
				MTL_FAST_MATH = YES;
				ONLY_ACTIVE_ARCH = YES;
				SDKROOT = iphoneos;
				SWIFT_ACTIVE_COMPILATION_CONDITIONS = DEBUG;
				SWIFT_OPTIMIZATION_LEVEL = "-Onone";
			};
			name = Debug;
		};
		DF6FDC7827AAC0FB002451D5 /* Release */ = {
			isa = XCBuildConfiguration;
			buildSettings = {
				ALWAYS_SEARCH_USER_PATHS = NO;
				CLANG_ANALYZER_NONNULL = YES;
				CLANG_ANALYZER_NUMBER_OBJECT_CONVERSION = YES_AGGRESSIVE;
				CLANG_CXX_LANGUAGE_STANDARD = "gnu++17";
				CLANG_CXX_LIBRARY = "libc++";
				CLANG_ENABLE_MODULES = YES;
				CLANG_ENABLE_OBJC_ARC = YES;
				CLANG_ENABLE_OBJC_WEAK = YES;
				CLANG_WARN_BLOCK_CAPTURE_AUTORELEASING = YES;
				CLANG_WARN_BOOL_CONVERSION = YES;
				CLANG_WARN_COMMA = YES;
				CLANG_WARN_CONSTANT_CONVERSION = YES;
				CLANG_WARN_DEPRECATED_OBJC_IMPLEMENTATIONS = YES;
				CLANG_WARN_DIRECT_OBJC_ISA_USAGE = YES_ERROR;
				CLANG_WARN_DOCUMENTATION_COMMENTS = YES;
				CLANG_WARN_EMPTY_BODY = YES;
				CLANG_WARN_ENUM_CONVERSION = YES;
				CLANG_WARN_INFINITE_RECURSION = YES;
				CLANG_WARN_INT_CONVERSION = YES;
				CLANG_WARN_NON_LITERAL_NULL_CONVERSION = YES;
				CLANG_WARN_OBJC_IMPLICIT_RETAIN_SELF = YES;
				CLANG_WARN_OBJC_LITERAL_CONVERSION = YES;
				CLANG_WARN_OBJC_ROOT_CLASS = YES_ERROR;
				CLANG_WARN_QUOTED_INCLUDE_IN_FRAMEWORK_HEADER = YES;
				CLANG_WARN_RANGE_LOOP_ANALYSIS = YES;
				CLANG_WARN_STRICT_PROTOTYPES = YES;
				CLANG_WARN_SUSPICIOUS_MOVE = YES;
				CLANG_WARN_UNGUARDED_AVAILABILITY = YES_AGGRESSIVE;
				CLANG_WARN_UNREACHABLE_CODE = YES;
				CLANG_WARN__DUPLICATE_METHOD_MATCH = YES;
				COPY_PHASE_STRIP = NO;
				DEBUG_INFORMATION_FORMAT = "dwarf-with-dsym";
				ENABLE_NS_ASSERTIONS = NO;
				ENABLE_STRICT_OBJC_MSGSEND = YES;
				GCC_C_LANGUAGE_STANDARD = gnu11;
				GCC_NO_COMMON_BLOCKS = YES;
				GCC_WARN_64_TO_32_BIT_CONVERSION = YES;
				GCC_WARN_ABOUT_RETURN_TYPE = YES_ERROR;
				GCC_WARN_UNDECLARED_SELECTOR = YES;
				GCC_WARN_UNINITIALIZED_AUTOS = YES_AGGRESSIVE;
				GCC_WARN_UNUSED_FUNCTION = YES;
				GCC_WARN_UNUSED_VARIABLE = YES;
				IPHONEOS_DEPLOYMENT_TARGET = 15.0;
				MTL_ENABLE_DEBUG_INFO = NO;
				MTL_FAST_MATH = YES;
				SDKROOT = iphoneos;
				SWIFT_COMPILATION_MODE = wholemodule;
				SWIFT_OPTIMIZATION_LEVEL = "-O";
				VALIDATE_PRODUCT = YES;
			};
			name = Release;
		};
		DF6FDC7A27AAC0FB002451D5 /* Debug */ = {
			isa = XCBuildConfiguration;
			buildSettings = {
				ASSETCATALOG_COMPILER_APPICON_NAME = AppIcon;
				ASSETCATALOG_COMPILER_GLOBAL_ACCENT_COLOR_NAME = AccentColor;
				CODE_SIGN_STYLE = Automatic;
				CURRENT_PROJECT_VERSION = 1;
				DEVELOPMENT_ASSET_PATHS = "\"Moonshot-8/Preview Content\"";
				ENABLE_PREVIEWS = YES;
				GENERATE_INFOPLIST_FILE = YES;
				INFOPLIST_KEY_UIApplicationSceneManifest_Generation = YES;
				INFOPLIST_KEY_UIApplicationSupportsIndirectInputEvents = YES;
				INFOPLIST_KEY_UILaunchScreen_Generation = YES;
				INFOPLIST_KEY_UISupportedInterfaceOrientations_iPad = "UIInterfaceOrientationPortrait UIInterfaceOrientationPortraitUpsideDown UIInterfaceOrientationLandscapeLeft UIInterfaceOrientationLandscapeRight";
				INFOPLIST_KEY_UISupportedInterfaceOrientations_iPhone = "UIInterfaceOrientationPortrait UIInterfaceOrientationLandscapeLeft UIInterfaceOrientationLandscapeRight";
				IPHONEOS_DEPLOYMENT_TARGET = 15.0;
				LD_RUNPATH_SEARCH_PATHS = (
					"$(inherited)",
					"@executable_path/Frameworks",
				);
				MARKETING_VERSION = 1.0;
				PRODUCT_BUNDLE_IDENTIFIER = "pl.edu.uj.student-skwarczek.jasiu.Moonshot-8";
				PRODUCT_NAME = "$(TARGET_NAME)";
				SWIFT_EMIT_LOC_STRINGS = YES;
				SWIFT_VERSION = 5.0;
				TARGETED_DEVICE_FAMILY = "1,2";
			};
			name = Debug;
		};
		DF6FDC7B27AAC0FB002451D5 /* Release */ = {
			isa = XCBuildConfiguration;
			buildSettings = {
				ASSETCATALOG_COMPILER_APPICON_NAME = AppIcon;
				ASSETCATALOG_COMPILER_GLOBAL_ACCENT_COLOR_NAME = AccentColor;
				CODE_SIGN_STYLE = Automatic;
				CURRENT_PROJECT_VERSION = 1;
				DEVELOPMENT_ASSET_PATHS = "\"Moonshot-8/Preview Content\"";
				ENABLE_PREVIEWS = YES;
				GENERATE_INFOPLIST_FILE = YES;
				INFOPLIST_KEY_UIApplicationSceneManifest_Generation = YES;
				INFOPLIST_KEY_UIApplicationSupportsIndirectInputEvents = YES;
				INFOPLIST_KEY_UILaunchScreen_Generation = YES;
				INFOPLIST_KEY_UISupportedInterfaceOrientations_iPad = "UIInterfaceOrientationPortrait UIInterfaceOrientationPortraitUpsideDown UIInterfaceOrientationLandscapeLeft UIInterfaceOrientationLandscapeRight";
				INFOPLIST_KEY_UISupportedInterfaceOrientations_iPhone = "UIInterfaceOrientationPortrait UIInterfaceOrientationLandscapeLeft UIInterfaceOrientationLandscapeRight";
				IPHONEOS_DEPLOYMENT_TARGET = 15.0;
				LD_RUNPATH_SEARCH_PATHS = (
					"$(inherited)",
					"@executable_path/Frameworks",
				);
				MARKETING_VERSION = 1.0;
				PRODUCT_BUNDLE_IDENTIFIER = "pl.edu.uj.student-skwarczek.jasiu.Moonshot-8";
				PRODUCT_NAME = "$(TARGET_NAME)";
				SWIFT_EMIT_LOC_STRINGS = YES;
				SWIFT_VERSION = 5.0;
				TARGETED_DEVICE_FAMILY = "1,2";
			};
			name = Release;
		};
/* End XCBuildConfiguration section */

/* Begin XCConfigurationList section */
		DF6FDC6627AAC0F9002451D5 /* Build configuration list for PBXProject "Moonshot-8" */ = {
			isa = XCConfigurationList;
			buildConfigurations = (
				DF6FDC7727AAC0FB002451D5 /* Debug */,
				DF6FDC7827AAC0FB002451D5 /* Release */,
			);
			defaultConfigurationIsVisible = 0;
			defaultConfigurationName = Release;
		};
		DF6FDC7927AAC0FB002451D5 /* Build configuration list for PBXNativeTarget "Moonshot-8" */ = {
			isa = XCConfigurationList;
			buildConfigurations = (
				DF6FDC7A27AAC0FB002451D5 /* Debug */,
				DF6FDC7B27AAC0FB002451D5 /* Release */,
			);
			defaultConfigurationIsVisible = 0;
			defaultConfigurationName = Release;
		};
/* End XCConfigurationList section */
	};
	rootObject = DF6FDC6327AAC0F9002451D5 /* Project object */;
}
